
Microsoft Visual Studio Solution File, Format Version 12.00
# Visual Studio Version 17
VisualStudioVersion = 17.7.34018.315
MinimumVisualStudioVersion = 10.0.40219.1
Project("{FAE04EC0-301F-11D3-BF4B-00C04F79EFBC}") = "inlämnings uppgift 4.1", "inlämnings uppgift 4.1\inlämnings uppgift 4.1.csproj", "{84AA3F0D-F5C0-4871-A946-F9BA2E80E012}"
EndProject
Global
	GlobalSection(SolutionConfigurationPlatforms) = preSolution
		Debug|Any CPU = Debug|Any CPU
		Release|Any CPU = Release|Any CPU
	EndGlobalSection
	GlobalSection(ProjectConfigurationPlatforms) = postSolution
		{84AA3F0D-F5C0-4871-A946-F9BA2E80E012}.Debug|Any CPU.ActiveCfg = Debug|Any CPU
		{84AA3F0D-F5C0-4871-A946-F9BA2E80E012}.Debug|Any CPU.Build.0 = Debug|Any CPU
		{84AA3F0D-F5C0-4871-A946-F9BA2E80E012}.Release|Any CPU.ActiveCfg = Release|Any CPU
		{84AA3F0D-F5C0-4871-A946-F9BA2E80E012}.Release|Any CPU.Build.0 = Release|Any CPU
	EndGlobalSection
	GlobalSection(SolutionProperties) = preSolution
		HideSolutionNode = FALSE
	EndGlobalSection
	GlobalSection(ExtensibilityGlobals) = postSolution
		SolutionGuid = {5FD80D16-3AF5-40F1-AED4-E7F19AB51ADE}
	EndGlobalSection
EndGlobal
